{
  "name": "claude-usage-meter",
  "version": "0.1.0",
  "lockfileVersion": 3,
  "requires": true,
  "packages": {
    "": {
      "name": "claude-usage-meter",
      "version": "0.1.0",
      "license": "MIT",
      "bin": {
        "claude-usage-meter": "bin/claude-usage-meter.mjs"
      },
      "engines": {
        "node": ">=18"
      }
    }
  }
}
